<?xml version="1.0" encoding="utf-8"?>
<Project ToolsVersion="17.0" xmlns="http://schemas.microsoft.com/developer/msbuild/2003">
  <ItemGroup>
    <CustomBuild Include="C:\Users\mperlick\projects\Data-over-audio\CMakeFiles\a0a8f33014d84849e4120765591e0eba\generate.stamp.rule">
      <Filter>CMake Rules</Filter>
    </CustomBuild>
  </ItemGroup>
  <ItemGroup>
    <Filter Include="CMake Rules">
      <UniqueIdentifier>{E65F41E1-278A-3A65-BB6A-3F8DADBEC03A}</UniqueIdentifier>
    </Filter>
  </ItemGroup>
</Project>
